
Microsoft Visual Studio Solution File, Format Version 12.00
# Visual Studio 14
VisualStudioVersion = 14.0.25420.1
MinimumVisualStudioVersion = 10.0.40219.1
Project("{FAE04EC0-301F-11D3-BF4B-00C04F79EFBC}") = "PhotonTSapi", "PhotonTSapi\PhotonTSapi.csproj", "{C4367F40-F9E0-4826-90FB-13AE0F6EADDB}"
EndProject
Project("{FAE04EC0-301F-11D3-BF4B-00C04F79EFBC}") = "PhotonTSapi.Tests", "PhotonTSapi.Tests\PhotonTSapi.Tests.csproj", "{CA0CF342-2052-432C-AA23-584B2393A9BC}"
EndProject
Global
	GlobalSection(SolutionConfigurationPlatforms) = preSolution
		Debug|Any CPU = Debug|Any CPU
		Release|Any CPU = Release|Any CPU
	EndGlobalSection
	GlobalSection(ProjectConfigurationPlatforms) = postSolution
		{C4367F40-F9E0-4826-90FB-13AE0F6EADDB}.Debug|Any CPU.ActiveCfg = Debug|Any CPU
		{C4367F40-F9E0-4826-90FB-13AE0F6EADDB}.Debug|Any CPU.Build.0 = Debug|Any CPU
		{C4367F40-F9E0-4826-90FB-13AE0F6EADDB}.Release|Any CPU.ActiveCfg = Release|Any CPU
		{C4367F40-F9E0-4826-90FB-13AE0F6EADDB}.Release|Any CPU.Build.0 = Release|Any CPU
		{CA0CF342-2052-432C-AA23-584B2393A9BC}.Debug|Any CPU.ActiveCfg = Debug|Any CPU
		{CA0CF342-2052-432C-AA23-584B2393A9BC}.Debug|Any CPU.Build.0 = Debug|Any CPU
		{CA0CF342-2052-432C-AA23-584B2393A9BC}.Release|Any CPU.ActiveCfg = Release|Any CPU
		{CA0CF342-2052-432C-AA23-584B2393A9BC}.Release|Any CPU.Build.0 = Release|Any CPU
	EndGlobalSection
	GlobalSection(SolutionProperties) = preSolution
		HideSolutionNode = FALSE
	EndGlobalSection
EndGlobal
